
Microsoft Visual Studio Solution File, Format Version 12.00
# Visual Studio 15
VisualStudioVersion = 15.0.26124.0
MinimumVisualStudioVersion = 15.0.26124.0
Project("{FAE04EC0-301F-11D3-BF4B-00C04F79EFBC}") = "Domain", "Domain\Domain.csproj", "{9D61D9E4-DF07-4CCE-A370-9B46E96A8F09}"
EndProject
Project("{FAE04EC0-301F-11D3-BF4B-00C04F79EFBC}") = "Application", "Application\Application.csproj", "{F580007C-6D91-4057-8E13-423A0D82D031}"
EndProject
Project("{FAE04EC0-301F-11D3-BF4B-00C04F79EFBC}") = "API", "API\API.csproj", "{3808A8C7-B0AE-4E70-A039-29D3505228AD}"
EndProject
Project("{FAE04EC0-301F-11D3-BF4B-00C04F79EFBC}") = "Persistence", "Persistence\Persistence.csproj", "{0A758357-BD79-4C6B-9D3C-F7DAC919D516}"
EndProject
Global
	GlobalSection(SolutionConfigurationPlatforms) = preSolution
		Debug|Any CPU = Debug|Any CPU
		Debug|x64 = Debug|x64
		Debug|x86 = Debug|x86
		Release|Any CPU = Release|Any CPU
		Release|x64 = Release|x64
		Release|x86 = Release|x86
	EndGlobalSection
	GlobalSection(SolutionProperties) = preSolution
		HideSolutionNode = FALSE
	EndGlobalSection
	GlobalSection(ProjectConfigurationPlatforms) = postSolution
		{9D61D9E4-DF07-4CCE-A370-9B46E96A8F09}.Debug|Any CPU.ActiveCfg = Debug|Any CPU
		{9D61D9E4-DF07-4CCE-A370-9B46E96A8F09}.Debug|Any CPU.Build.0 = Debug|Any CPU
		{9D61D9E4-DF07-4CCE-A370-9B46E96A8F09}.Debug|x64.ActiveCfg = Debug|Any CPU
		{9D61D9E4-DF07-4CCE-A370-9B46E96A8F09}.Debug|x64.Build.0 = Debug|Any CPU
		{9D61D9E4-DF07-4CCE-A370-9B46E96A8F09}.Debug|x86.ActiveCfg = Debug|Any CPU
		{9D61D9E4-DF07-4CCE-A370-9B46E96A8F09}.Debug|x86.Build.0 = Debug|Any CPU
		{9D61D9E4-DF07-4CCE-A370-9B46E96A8F09}.Release|Any CPU.ActiveCfg = Release|Any CPU
		{9D61D9E4-DF07-4CCE-A370-9B46E96A8F09}.Release|Any CPU.Build.0 = Release|Any CPU
		{9D61D9E4-DF07-4CCE-A370-9B46E96A8F09}.Release|x64.ActiveCfg = Release|Any CPU
		{9D61D9E4-DF07-4CCE-A370-9B46E96A8F09}.Release|x64.Build.0 = Release|Any CPU
		{9D61D9E4-DF07-4CCE-A370-9B46E96A8F09}.Release|x86.ActiveCfg = Release|Any CPU
		{9D61D9E4-DF07-4CCE-A370-9B46E96A8F09}.Release|x86.Build.0 = Release|Any CPU
		{F580007C-6D91-4057-8E13-423A0D82D031}.Debug|Any CPU.ActiveCfg = Debug|Any CPU
		{F580007C-6D91-4057-8E13-423A0D82D031}.Debug|Any CPU.Build.0 = Debug|Any CPU
		{F580007C-6D91-4057-8E13-423A0D82D031}.Debug|x64.ActiveCfg = Debug|Any CPU
		{F580007C-6D91-4057-8E13-423A0D82D031}.Debug|x64.Build.0 = Debug|Any CPU
		{F580007C-6D91-4057-8E13-423A0D82D031}.Debug|x86.ActiveCfg = Debug|Any CPU
		{F580007C-6D91-4057-8E13-423A0D82D031}.Debug|x86.Build.0 = Debug|Any CPU
		{F580007C-6D91-4057-8E13-423A0D82D031}.Release|Any CPU.ActiveCfg = Release|Any CPU
		{F580007C-6D91-4057-8E13-423A0D82D031}.Release|Any CPU.Build.0 = Release|Any CPU
		{F580007C-6D91-4057-8E13-423A0D82D031}.Release|x64.ActiveCfg = Release|Any CPU
		{F580007C-6D91-4057-8E13-423A0D82D031}.Release|x64.Build.0 = Release|Any CPU
		{F580007C-6D91-4057-8E13-423A0D82D031}.Release|x86.ActiveCfg = Release|Any CPU
		{F580007C-6D91-4057-8E13-423A0D82D031}.Release|x86.Build.0 = Release|Any CPU
		{3808A8C7-B0AE-4E70-A039-29D3505228AD}.Debug|Any CPU.ActiveCfg = Debug|Any CPU
		{3808A8C7-B0AE-4E70-A039-29D3505228AD}.Debug|Any CPU.Build.0 = Debug|Any CPU
		{3808A8C7-B0AE-4E70-A039-29D3505228AD}.Debug|x64.ActiveCfg = Debug|Any CPU
		{3808A8C7-B0AE-4E70-A039-29D3505228AD}.Debug|x64.Build.0 = Debug|Any CPU
		{3808A8C7-B0AE-4E70-A039-29D3505228AD}.Debug|x86.ActiveCfg = Debug|Any CPU
		{3808A8C7-B0AE-4E70-A039-29D3505228AD}.Debug|x86.Build.0 = Debug|Any CPU
		{3808A8C7-B0AE-4E70-A039-29D3505228AD}.Release|Any CPU.ActiveCfg = Release|Any CPU
		{3808A8C7-B0AE-4E70-A039-29D3505228AD}.Release|Any CPU.Build.0 = Release|Any CPU
		{3808A8C7-B0AE-4E70-A039-29D3505228AD}.Release|x64.ActiveCfg = Release|Any CPU
		{3808A8C7-B0AE-4E70-A039-29D3505228AD}.Release|x64.Build.0 = Release|Any CPU
		{3808A8C7-B0AE-4E70-A039-29D3505228AD}.Release|x86.ActiveCfg = Release|Any CPU
		{3808A8C7-B0AE-4E70-A039-29D3505228AD}.Release|x86.Build.0 = Release|Any CPU
		{0A758357-BD79-4C6B-9D3C-F7DAC919D516}.Debug|Any CPU.ActiveCfg = Debug|Any CPU
		{0A758357-BD79-4C6B-9D3C-F7DAC919D516}.Debug|Any CPU.Build.0 = Debug|Any CPU
		{0A758357-BD79-4C6B-9D3C-F7DAC919D516}.Debug|x64.ActiveCfg = Debug|Any CPU
		{0A758357-BD79-4C6B-9D3C-F7DAC919D516}.Debug|x64.Build.0 = Debug|Any CPU
		{0A758357-BD79-4C6B-9D3C-F7DAC919D516}.Debug|x86.ActiveCfg = Debug|Any CPU
		{0A758357-BD79-4C6B-9D3C-F7DAC919D516}.Debug|x86.Build.0 = Debug|Any CPU
		{0A758357-BD79-4C6B-9D3C-F7DAC919D516}.Release|Any CPU.ActiveCfg = Release|Any CPU
		{0A758357-BD79-4C6B-9D3C-F7DAC919D516}.Release|Any CPU.Build.0 = Release|Any CPU
		{0A758357-BD79-4C6B-9D3C-F7DAC919D516}.Release|x64.ActiveCfg = Release|Any CPU
		{0A758357-BD79-4C6B-9D3C-F7DAC919D516}.Release|x64.Build.0 = Release|Any CPU
		{0A758357-BD79-4C6B-9D3C-F7DAC919D516}.Release|x86.ActiveCfg = Release|Any CPU
		{0A758357-BD79-4C6B-9D3C-F7DAC919D516}.Release|x86.Build.0 = Release|Any CPU
	EndGlobalSection
EndGlobal
